
Microsoft Visual Studio Solution File, Format Version 12.00
# Visual Studio Version 17
VisualStudioVersion = 17.9.34902.65
MinimumVisualStudioVersion = 10.0.40219.1
Project("{2150E333-8FDC-42A3-9474-1A3956D46DE8}") = "src", "src", "{067E9B04-9FBB-483A-84F2-BB8C07A0DF2F}"
EndProject
Project("{2150E333-8FDC-42A3-9474-1A3956D46DE8}") = "Persistent", "Persistent", "{A49B647D-4B30-4168-9A99-BD983111F0ED}"
EndProject
Project("{9A19103F-16F7-4668-BE54-9A1E7A4F7556}") = "Server", "src\Server\Server.csproj", "{D166F9EB-2E2C-40F4-BC05-DDA55416E259}"
EndProject
Project("{2150E333-8FDC-42A3-9474-1A3956D46DE8}") = "Data", "Data", "{399DF5EB-B564-4983-904F-2F1FB36DC674}"
EndProject
Project("{9A19103F-16F7-4668-BE54-9A1E7A4F7556}") = "Data", "src\Data\Data.csproj", "{91DD460A-0D58-449F-BD77-893FFEDADA69}"
EndProject
Project("{2150E333-8FDC-42A3-9474-1A3956D46DE8}") = "Solution Items", "Solution Items", "{DA4772F7-65E9-4602-B419-54558E53ACC6}"
	ProjectSection(SolutionItems) = preProject
		README.md = README.md
	EndProjectSection
EndProject
Project("{2150E333-8FDC-42A3-9474-1A3956D46DE8}") = "Domain", "Domain", "{A8C8B9C4-45A6-4BEA-89A2-95FF83411580}"
EndProject
Project("{9A19103F-16F7-4668-BE54-9A1E7A4F7556}") = "Domain", "src\Domain\Domain.csproj", "{AE921F50-6C5D-4678-A9EA-74E5BB839ACD}"
EndProject
Project("{2150E333-8FDC-42A3-9474-1A3956D46DE8}") = "Shared", "Shared", "{EC02D227-71D5-4466-9E97-B231F060E17C}"
EndProject
Project("{9A19103F-16F7-4668-BE54-9A1E7A4F7556}") = "Infrastructure", "src\Infrastructure\Infrastructure.csproj", "{A824FBAC-CD67-44F0-AA9E-0757B40A01E6}"
EndProject
Project("{2150E333-8FDC-42A3-9474-1A3956D46DE8}") = "Application", "Application", "{0CFEA435-2CC1-46F1-9351-E9E8D9C9BF25}"
EndProject
Project("{FAE04EC0-301F-11D3-BF4B-00C04F79EFBC}") = "Service", "src\Service\Service.csproj", "{CFF8524A-44BA-430B-BF9E-C669C72768EF}"
EndProject
Global
	GlobalSection(SolutionConfigurationPlatforms) = preSolution
		Debug|Any CPU = Debug|Any CPU
		Release|Any CPU = Release|Any CPU
	EndGlobalSection
	GlobalSection(ProjectConfigurationPlatforms) = postSolution
		{D166F9EB-2E2C-40F4-BC05-DDA55416E259}.Debug|Any CPU.ActiveCfg = Debug|Any CPU
		{D166F9EB-2E2C-40F4-BC05-DDA55416E259}.Debug|Any CPU.Build.0 = Debug|Any CPU
		{D166F9EB-2E2C-40F4-BC05-DDA55416E259}.Release|Any CPU.ActiveCfg = Release|Any CPU
		{D166F9EB-2E2C-40F4-BC05-DDA55416E259}.Release|Any CPU.Build.0 = Release|Any CPU
		{91DD460A-0D58-449F-BD77-893FFEDADA69}.Debug|Any CPU.ActiveCfg = Debug|Any CPU
		{91DD460A-0D58-449F-BD77-893FFEDADA69}.Debug|Any CPU.Build.0 = Debug|Any CPU
		{91DD460A-0D58-449F-BD77-893FFEDADA69}.Release|Any CPU.ActiveCfg = Release|Any CPU
		{91DD460A-0D58-449F-BD77-893FFEDADA69}.Release|Any CPU.Build.0 = Release|Any CPU
		{AE921F50-6C5D-4678-A9EA-74E5BB839ACD}.Debug|Any CPU.ActiveCfg = Debug|Any CPU
		{AE921F50-6C5D-4678-A9EA-74E5BB839ACD}.Debug|Any CPU.Build.0 = Debug|Any CPU
		{AE921F50-6C5D-4678-A9EA-74E5BB839ACD}.Release|Any CPU.ActiveCfg = Release|Any CPU
		{AE921F50-6C5D-4678-A9EA-74E5BB839ACD}.Release|Any CPU.Build.0 = Release|Any CPU
		{A824FBAC-CD67-44F0-AA9E-0757B40A01E6}.Debug|Any CPU.ActiveCfg = Debug|Any CPU
		{A824FBAC-CD67-44F0-AA9E-0757B40A01E6}.Debug|Any CPU.Build.0 = Debug|Any CPU
		{A824FBAC-CD67-44F0-AA9E-0757B40A01E6}.Release|Any CPU.ActiveCfg = Release|Any CPU
		{A824FBAC-CD67-44F0-AA9E-0757B40A01E6}.Release|Any CPU.Build.0 = Release|Any CPU
		{CFF8524A-44BA-430B-BF9E-C669C72768EF}.Debug|Any CPU.ActiveCfg = Debug|Any CPU
		{CFF8524A-44BA-430B-BF9E-C669C72768EF}.Debug|Any CPU.Build.0 = Debug|Any CPU
		{CFF8524A-44BA-430B-BF9E-C669C72768EF}.Release|Any CPU.ActiveCfg = Release|Any CPU
		{CFF8524A-44BA-430B-BF9E-C669C72768EF}.Release|Any CPU.Build.0 = Release|Any CPU
	EndGlobalSection
	GlobalSection(SolutionProperties) = preSolution
		HideSolutionNode = FALSE
	EndGlobalSection
	GlobalSection(NestedProjects) = preSolution
		{A49B647D-4B30-4168-9A99-BD983111F0ED} = {067E9B04-9FBB-483A-84F2-BB8C07A0DF2F}
		{D166F9EB-2E2C-40F4-BC05-DDA55416E259} = {A49B647D-4B30-4168-9A99-BD983111F0ED}
		{399DF5EB-B564-4983-904F-2F1FB36DC674} = {067E9B04-9FBB-483A-84F2-BB8C07A0DF2F}
		{91DD460A-0D58-449F-BD77-893FFEDADA69} = {399DF5EB-B564-4983-904F-2F1FB36DC674}
		{A8C8B9C4-45A6-4BEA-89A2-95FF83411580} = {067E9B04-9FBB-483A-84F2-BB8C07A0DF2F}
		{AE921F50-6C5D-4678-A9EA-74E5BB839ACD} = {A8C8B9C4-45A6-4BEA-89A2-95FF83411580}
		{EC02D227-71D5-4466-9E97-B231F060E17C} = {067E9B04-9FBB-483A-84F2-BB8C07A0DF2F}
		{A824FBAC-CD67-44F0-AA9E-0757B40A01E6} = {EC02D227-71D5-4466-9E97-B231F060E17C}
		{0CFEA435-2CC1-46F1-9351-E9E8D9C9BF25} = {067E9B04-9FBB-483A-84F2-BB8C07A0DF2F}
		{CFF8524A-44BA-430B-BF9E-C669C72768EF} = {0CFEA435-2CC1-46F1-9351-E9E8D9C9BF25}
	EndGlobalSection
	GlobalSection(ExtensibilityGlobals) = postSolution
		SolutionGuid = {75933A06-D4DC-4BA2-B90B-F6DC0A2AF340}
	EndGlobalSection
EndGlobal
